PODS:
  - ChainedAttributedString (2.0.0)

DEPENDENCIES:
  - ChainedAttributedString (from `../`)

EXTERNAL SOURCES:
  ChainedAttributedString:
    :path: ../

SPEC CHECKSUMS:
  ChainedAttributedString: 76435a91793a5bc684d498f9366a191776aff607

PODFILE CHECKSUM: cfa269073f3e258e2b57e986e5dfa5350df5d6a0

COCOAPODS: 1.1.0.rc.2
