// !$*UTF8*$!
{
	archiveVersion = 1;
	classes = {
	};
	objectVersion = 46;
	objects = {

/* Begin PBXBuildFile section */
		87FDE51E6B576CA2B6F4EEAC /* Pods_Example.framework in Frameworks */ = {isa = PBXBuildFile; fileRef = 96237DB7045B56D4AB13E99C /* Pods_Example.framework */; };
		E09A2BF41D8FE66600CBF0BB /* NSMutableAttributedOperators.swift in Sources */ = {isa = PBXBuildFile; fileRef = E09A2BF11D8FE66600CBF0BB /* NSMutableAttributedOperators.swift */; };
		E09A2BF51D8FE66600CBF0BB /* NSMutableAttributedString+ChainedAttributes.swift in Sources */ = {isa = PBXBuildFile; fileRef = E09A2BF21D8FE66600CBF0BB /* NSMutableAttributedString+ChainedAttributes.swift */; };
		E09A2BF61D8FE66600CBF0BB /* String+NSMutableAttributedString.swift in Sources */ = {isa = PBXBuildFile; fileRef = E09A2BF31D8FE66600CBF0BB /* String+NSMutableAttributedString.swift */; };
		E0C324021D2463D000712168 /* AppDelegate.swift in Sources */ = {isa = PBXBuildFile; fileRef = E0C324011D2463D000712168 /* AppDelegate.swift */; };
		E0C324041D2463D000712168 /* ViewController.swift in Sources */ = {isa = PBXBuildFile; fileRef = E0C324031D2463D000712168 /* ViewController.swift */; };
		E0C324071D2463D000712168 /* Main.storyboard in Resources */ = {isa = PBXBuildFile; fileRef = E0C324051D2463D000712168 /* Main.storyboard */; };
		E0C324091D2463D000712168 /* Assets.xcassets in Resources */ = {isa = PBXBuildFile; fileRef = E0C324081D2463D000712168 /* Assets.xcassets */; };
		E0C3240C1D2463D000712168 /* LaunchScreen.storyboard in Resources */ = {isa = PBXBuildFile; fileRef = E0C3240A1D2463D000712168 /* LaunchScreen.storyboard */; };
/* End PBXBuildFile section */

/* Begin PBXFileReference section */
		1B5DE12EDCA817CEB23756C0 /* Pods-Example.debug.xcconfig */ = {isa = PBXFileReference; includeInIndex = 1; lastKnownFileType = text.xcconfig; name = "Pods-Example.debug.xcconfig"; path = "Pods/Target Support Files/Pods-Example/Pods-Example.debug.xcconfig"; sourceTree = "<group>"; };
		96237DB7045B56D4AB13E99C /* Pods_Example.framework */ = {isa = PBXFileReference; explicitFileType = wrapper.framework; includeInIndex = 0; path = Pods_Example.framework; sourceTree = BUILT_PRODUCTS_DIR; };
		E09A2BF11D8FE66600CBF0BB /* NSMutableAttributedOperators.swift */ = {isa = PBXFileReference; fileEncoding = 4; lastKnownFileType = sourcecode.swift; path = NSMutableAttributedOperators.swift; sourceTree = "<group>"; };
		E09A2BF21D8FE66600CBF0BB /* NSMutableAttributedString+ChainedAttributes.swift */ = {isa = PBXFileReference; fileEncoding = 4; lastKnownFileType = sourcecode.swift; path = "NSMutableAttributedString+ChainedAttributes.swift"; sourceTree = "<group>"; };
		E09A2BF31D8FE66600CBF0BB /* String+NSMutableAttributedString.swift */ = {isa = PBXFileReference; fileEncoding = 4; lastKnownFileType = sourcecode.swift; path = "String+NSMutableAttributedString.swift"; sourceTree = "<group>"; };
		E0C323FE1D2463D000712168 /* Example.app */ = {isa = PBXFileReference; explicitFileType = wrapper.application; includeInIndex = 0; path = Example.app; sourceTree = BUILT_PRODUCTS_DIR; };
		E0C324011D2463D000712168 /* AppDelegate.swift */ = {isa = PBXFileReference; lastKnownFileType = sourcecode.swift; path = AppDelegate.swift; sourceTree = "<group>"; };
		E0C324031D2463D000712168 /* ViewController.swift */ = {isa = PBXFileReference; lastKnownFileType = sourcecode.swift; path = ViewController.swift; sourceTree = "<group>"; };
		E0C324061D2463D000712168 /* Base */ = {isa = PBXFileReference; lastKnownFileType = file.storyboard; name = Base; path = Base.lproj/Main.storyboard; sourceTree = "<group>"; };
		E0C324081D2463D000712168 /* Assets.xcassets */ = {isa = PBXFileReference; lastKnownFileType = folder.assetcatalog; path = Assets.xcassets; sourceTree = "<group>"; };
		E0C3240B1D2463D000712168 /* Base */ = {isa = PBXFileReference; lastKnownFileType = file.storyboard; name = Base; path = Base.lproj/LaunchScreen.storyboard; sourceTree = "<group>"; };
		E0C3240D1D2463D000712168 /* Info.plist */ = {isa = PBXFileReference; lastKnownFileType = text.plist.xml; path = Info.plist; sourceTree = "<group>"; };
		FA3411A5A628154C440137FA /* Pods-Example.release.xcconfig */ = {isa = PBXFileReference; includeInIndex = 1; lastKnownFileType = text.xcconfig; name = "Pods-Example.release.xcconfig"; path = "Pods/Target Support Files/Pods-Example/Pods-Example.release.xcconfig"; sourceTree = "<group>"; };
/* End PBXFileReference section */

/* Begin PBXFrameworksBuildPhase section */
		E0C323FB1D2463D000712168 /* Frameworks */ = {
			isa = PBXFrameworksBuildPhase;
			buildActionMask = 2147483647;
			files = (
				87FDE51E6B576CA2B6F4EEAC /* Pods_Example.framework in Frameworks */,
			);
			runOnlyForDeploymentPostprocessing = 0;
		};
/* End PBXFrameworksBuildPhase section */

/* Begin PBXGroup section */
		406E15F800C6F84215AD3D06 /* Pods */ = {
			isa = PBXGroup;
			children = (
				1B5DE12EDCA817CEB23756C0 /* Pods-Example.debug.xcconfig */,
				FA3411A5A628154C440137FA /* Pods-Example.release.xcconfig */,
			);
			name = Pods;
			sourceTree = "<group>";
		};
		E05555B08E166755FD8CB20F /* Frameworks */ = {
			isa = PBXGroup;
			children = (
				96237DB7045B56D4AB13E99C /* Pods_Example.framework */,
			);
			name = Frameworks;
			sourceTree = "<group>";
		};
		E0C323F51D2463D000712168 = {
			isa = PBXGroup;
			children = (
				E0C324001D2463D000712168 /* Example */,
				E0C323FF1D2463D000712168 /* Products */,
				406E15F800C6F84215AD3D06 /* Pods */,
				E05555B08E166755FD8CB20F /* Frameworks */,
			);
			sourceTree = "<group>";
		};
		E0C323FF1D2463D000712168 /* Products */ = {
			isa = PBXGroup;
			children = (
				E0C323FE1D2463D000712168 /* Example.app */,
			);
			name = Products;
			sourceTree = "<group>";
		};
		E0C324001D2463D000712168 /* Example */ = {
			isa = PBXGroup;
			children = (
				E09A2BF11D8FE66600CBF0BB /* NSMutableAttributedOperators.swift */,
				E09A2BF21D8FE66600CBF0BB /* NSMutableAttributedString+ChainedAttributes.swift */,
				E09A2BF31D8FE66600CBF0BB /* String+NSMutableAttributedString.swift */,
				E0C324011D2463D000712168 /* AppDelegate.swift */,
				E0C324031D2463D000712168 /* ViewController.swift */,
				E0C324051D2463D000712168 /* Main.storyboard */,
				E0C324081D2463D000712168 /* Assets.xcassets */,
				E0C3240A1D2463D000712168 /* LaunchScreen.storyboard */,
				E0C3240D1D2463D000712168 /* Info.plist */,
			);
			path = Example;
			sourceTree = "<group>";
		};
/* End PBXGroup section */

/* Begin PBXNativeTarget section */
		E0C323FD1D2463D000712168 /* Example */ = {
			isa = PBXNativeTarget;
			buildConfigurationList = E0C324101D2463D000712168 /* Build configuration list for PBXNativeTarget "Example" */;
			buildPhases = (
				FD0581A48712D6269F3D6545 /* [CP] Check Pods Manifest.lock */,
				E0C323FA1D2463D000712168 /* Sources */,
				E0C323FB1D2463D000712168 /* Frameworks */,
				E0C323FC1D2463D000712168 /* Resources */,
				4F2C01ED112488FFA964B1F9 /* [CP] Embed Pods Frameworks */,
				45BFDDA868A0E901FE02F32A /* [CP] Copy Pods Resources */,
			);
			buildRules = (
			);
			dependencies = (
			);
			name = Example;
			productName = Example;
			productReference = E0C323FE1D2463D000712168 /* Example.app */;
			productType = "com.apple.product-type.application";
		};
/* End PBXNativeTarget section */

/* Begin PBXProject section */
		E0C323F61D2463D000712168 /* Project object */ = {
			isa = PBXProject;
			attributes = {
				LastSwiftUpdateCheck = 0730;
				LastUpgradeCheck = 1000;
				ORGANIZATIONNAME = Example;
				TargetAttributes = {
					E0C323FD1D2463D000712168 = {
						CreatedOnToolsVersion = 7.3;
						LastSwiftMigration = 1000;
						ProvisioningStyle = Manual;
					};
				};
			};
			buildConfigurationList = E0C323F91D2463D000712168 /* Build configuration list for PBXProject "Example" */;
			compatibilityVersion = "Xcode 3.2";
			developmentRegion = English;
			hasScannedForEncodings = 0;
			knownRegions = (
				en,
				Base,
			);
			mainGroup = E0C323F51D2463D000712168;
			productRefGroup = E0C323FF1D2463D000712168 /* Products */;
			projectDirPath = "";
			projectRoot = "";
			targets = (
				E0C323FD1D2463D000712168 /* Example */,
			);
		};
/* End PBXProject section */

/* Begin PBXResourcesBuildPhase section */
		E0C323FC1D2463D000712168 /* Resources */ = {
			isa = PBXResourcesBuildPhase;
			buildActionMask = 2147483647;
			files = (
				E0C3240C1D2463D000712168 /* LaunchScreen.storyboard in Resources */,
				E0C324091D2463D000712168 /* Assets.xcassets in Resources */,
				E0C324071D2463D000712168 /* Main.storyboard in Resources */,
			);
			runOnlyForDeploymentPostprocessing = 0;
		};
/* End PBXResourcesBuildPhase section */

/* Begin PBXShellScriptBuildPhase section */
		45BFDDA868A0E901FE02F32A /* [CP] Copy Pods Resources */ = {
			isa = PBXShellScriptBuildPhase;
			buildActionMask = 2147483647;
			files = (
			);
			inputPaths = (
			);
			name = "[CP] Copy Pods Resources";
			outputPaths = (
			);
			runOnlyForDeploymentPostprocessing = 0;
			shellPath = /bin/sh;
			shellScript = "\"${SRCROOT}/Pods/Target Support Files/Pods-Example/Pods-Example-resources.sh\"\n";
			showEnvVarsInLog = 0;
		};
		4F2C01ED112488FFA964B1F9 /* [CP] Embed Pods Frameworks */ = {
			isa = PBXShellScriptBuildPhase;
			buildActionMask = 2147483647;
			files = (
			);
			inputPaths = (
			);
			name = "[CP] Embed Pods Frameworks";
			outputPaths = (
			);
			runOnlyForDeploymentPostprocessing = 0;
			shellPath = /bin/sh;
			shellScript = "\"${SRCROOT}/Pods/Target Support Files/Pods-Example/Pods-Example-frameworks.sh\"\n";
			showEnvVarsInLog = 0;
		};
		FD0581A48712D6269F3D6545 /* [CP] Check Pods Manifest.lock */ = {
			isa = PBXShellScriptBuildPhase;
			buildActionMask = 2147483647;
			files = (
			);
			inputPaths = (
			);
			name = "[CP] Check Pods Manifest.lock";
			outputPaths = (
			);
			runOnlyForDeploymentPostprocessing = 0;
			shellPath = /bin/sh;
			shellScript = "diff \"${PODS_ROOT}/../Podfile.lock\" \"${PODS_ROOT}/Manifest.lock\" > /dev/null\nif [ $? != 0 ] ; then\n    # print error to STDERR\n    echo \"error: The sandbox is not in sync with the Podfile.lock. Run 'pod install' or update your CocoaPods installation.\" >&2\n    exit 1\nfi\n";
			showEnvVarsInLog = 0;
		};
/* End PBXShellScriptBuildPhase section */

/* Begin PBXSourcesBuildPhase section */
		E0C323FA1D2463D000712168 /* Sources */ = {
			isa = PBXSourcesBuildPhase;
			buildActionMask = 2147483647;
			files = (
				E09A2BF51D8FE66600CBF0BB /* NSMutableAttributedString+ChainedAttributes.swift in Sources */,
				E09A2BF41D8FE66600CBF0BB /* NSMutableAttributedOperators.swift in Sources */,
				E0C324041D2463D000712168 /* ViewController.swift in Sources */,
				E0C324021D2463D000712168 /* AppDelegate.swift in Sources */,
				E09A2BF61D8FE66600CBF0BB /* String+NSMutableAttributedString.swift in Sources */,
			);
			runOnlyForDeploymentPostprocessing = 0;
		};
/* End PBXSourcesBuildPhase section */

/* Begin PBXVariantGroup section */
		E0C324051D2463D000712168 /* Main.storyboard */ = {
			isa = PBXVariantGroup;
			children = (
				E0C324061D2463D000712168 /* Base */,
			);
			name = Main.storyboard;
			sourceTree = "<group>";
		};
		E0C3240A1D2463D000712168 /* LaunchScreen.storyboard */ = {
			isa = PBXVariantGroup;
			children = (
				E0C3240B1D2463D000712168 /* Base */,
			);
			name = LaunchScreen.storyboard;
			sourceTree = "<group>";
		};
/* End PBXVariantGroup section */

/* Begin XCBuildConfiguration section */
		E0C3240E1D2463D000712168 /* Debug */ = {
			isa = XCBuildConfiguration;
			buildSettings = {
				ALWAYS_SEARCH_USER_PATHS = NO;
				CLANG_ANALYZER_NONNULL = YES;
				CLANG_CXX_LANGUAGE_STANDARD = "gnu++0x";
				CLANG_CXX_LIBRARY = "libc++";
				CLANG_ENABLE_MODULES = YES;
				CLANG_ENABLE_OBJC_ARC = YES;
				CLANG_WARN_BLOCK_CAPTURE_AUTORELEASING = YES;
				CLANG_WARN_BOOL_CONVERSION = YES;
				CLANG_WARN_COMMA = YES;
				CLANG_WARN_CONSTANT_CONVERSION = YES;
				CLANG_WARN_DEPRECATED_OBJC_IMPLEMENTATIONS = YES;
				CLANG_WARN_DIRECT_OBJC_ISA_USAGE = YES_ERROR;
				CLANG_WARN_EMPTY_BODY = YES;
				CLANG_WARN_ENUM_CONVERSION = YES;
				CLANG_WARN_INFINITE_RECURSION = YES;
				CLANG_WARN_INT_CONVERSION = YES;
				CLANG_WARN_NON_LITERAL_NULL_CONVERSION = YES;
				CLANG_WARN_OBJC_IMPLICIT_RETAIN_SELF = YES;
				CLANG_WARN_OBJC_LITERAL_CONVERSION = YES;
				CLANG_WARN_OBJC_ROOT_CLASS = YES_ERROR;
				CLANG_WARN_RANGE_LOOP_ANALYSIS = YES;
				CLANG_WARN_STRICT_PROTOTYPES = YES;
				CLANG_WARN_SUSPICIOUS_MOVE = YES;
				CLANG_WARN_UNREACHABLE_CODE = YES;
				CLANG_WARN__DUPLICATE_METHOD_MATCH = YES;
				"CODE_SIGN_IDENTITY[sdk=iphoneos*]" = "iPhone Developer";
				COPY_PHASE_STRIP = NO;
				DEBUG_INFORMATION_FORMAT = dwarf;
				ENABLE_STRICT_OBJC_MSGSEND = YES;
				ENABLE_TESTABILITY = YES;
				GCC_C_LANGUAGE_STANDARD = gnu99;
				GCC_DYNAMIC_NO_PIC = NO;
				GCC_NO_COMMON_BLOCKS = YES;
				GCC_OPTIMIZATION_LEVEL = 0;
				GCC_PREPROCESSOR_DEFINITIONS = (
					"DEBUG=1",
					"$(inherited)",
				);
				GCC_WARN_64_TO_32_BIT_CONVERSION = YES;
				GCC_WARN_ABOUT_RETURN_TYPE = YES_ERROR;
				GCC_WARN_UNDECLARED_SELECTOR = YES;
				GCC_WARN_UNINITIALIZED_AUTOS = YES_AGGRESSIVE;
				GCC_WARN_UNUSED_FUNCTION = YES;
				GCC_WARN_UNUSED_VARIABLE = YES;
				IPHONEOS_DEPLOYMENT_TARGET = 9.0;
				MTL_ENABLE_DEBUG_INFO = YES;
				ONLY_ACTIVE_ARCH = YES;
				SDKROOT = iphoneos;
				SWIFT_OPTIMIZATION_LEVEL = "-Onone";
				TARGETED_DEVICE_FAMILY = "1,2";
			};
			name = Debug;
		};
		E0C3240F1D2463D000712168 /* Release */ = {
			isa = XCBuildConfiguration;
			buildSettings = {
				ALWAYS_SEARCH_USER_PATHS = NO;
				CLANG_ANALYZER_NONNULL = YES;
				CLANG_CXX_LANGUAGE_STANDARD = "gnu++0x";
				CLANG_CXX_LIBRARY = "libc++";
				CLANG_ENABLE_MODULES = YES;
				CLANG_ENABLE_OBJC_ARC = YES;
				CLANG_WARN_BLOCK_CAPTURE_AUTORELEASING = YES;
				CLANG_WARN_BOOL_CONVERSION = YES;
				CLANG_WARN_COMMA = YES;
				CLANG_WARN_CONSTANT_CONVERSION = YES;
				CLANG_WARN_DEPRECATED_OBJC_IMPLEMENTATIONS = YES;
				CLANG_WARN_DIRECT_OBJC_ISA_USAGE = YES_ERROR;
				CLANG_WARN_EMPTY_BODY = YES;
				CLANG_WARN_ENUM_CONVERSION = YES;
				CLANG_WARN_INFINITE_RECURSION = YES;
				CLANG_WARN_INT_CONVERSION = YES;
				CLANG_WARN_NON_LITERAL_NULL_CONVERSION = YES;
				CLANG_WARN_OBJC_IMPLICIT_RETAIN_SELF = YES;
				CLANG_WARN_OBJC_LITERAL_CONVERSION = YES;
				CLANG_WARN_OBJC_ROOT_CLASS = YES_ERROR;
				CLANG_WARN_RANGE_LOOP_ANALYSIS = YES;
				CLANG_WARN_STRICT_PROTOTYPES = YES;
				CLANG_WARN_SUSPICIOUS_MOVE = YES;
				CLANG_WARN_UNREACHABLE_CODE = YES;
				CLANG_WARN__DUPLICATE_METHOD_MATCH = YES;
				"CODE_SIGN_IDENTITY[sdk=iphoneos*]" = "iPhone Developer";
				COPY_PHASE_STRIP = NO;
				DEBUG_INFORMATION_FORMAT = "dwarf-with-dsym";
				ENABLE_NS_ASSERTIONS = NO;
				ENABLE_STRICT_OBJC_MSGSEND = YES;
				GCC_C_LANGUAGE_STANDARD = gnu99;
				GCC_NO_COMMON_BLOCKS = YES;
				GCC_WARN_64_TO_32_BIT_CONVERSION = YES;
				GCC_WARN_ABOUT_RETURN_TYPE = YES_ERROR;
				GCC_WARN_UNDECLARED_SELECTOR = YES;
				GCC_WARN_UNINITIALIZED_AUTOS = YES_AGGRESSIVE;
				GCC_WARN_UNUSED_FUNCTION = YES;
				GCC_WARN_UNUSED_VARIABLE = YES;
				IPHONEOS_DEPLOYMENT_TARGET = 9.0;
				MTL_ENABLE_DEBUG_INFO = NO;
				SDKROOT = iphoneos;
				SWIFT_OPTIMIZATION_LEVEL = "-Owholemodule";
				TARGETED_DEVICE_FAMILY = "1,2";
				VALIDATE_PRODUCT = YES;
			};
			name = Release;
		};
		E0C324111D2463D000712168 /* Debug */ = {
			isa = XCBuildConfiguration;
			baseConfigurationReference = 1B5DE12EDCA817CEB23756C0 /* Pods-Example.debug.xcconfig */;
			buildSettings = {
				ALWAYS_EMBED_SWIFT_STANDARD_LIBRARIES = YES;
				ASSETCATALOG_COMPILER_APPICON_NAME = AppIcon;
				DEVELOPMENT_TEAM = "";
				INFOPLIST_FILE = Example/Info.plist;
				IPHONEOS_DEPLOYMENT_TARGET = 9.0;
				LD_RUNPATH_SEARCH_PATHS = "$(inherited) @executable_path/Frameworks";
				PRODUCT_BUNDLE_IDENTIFIER = com.example.Example;
				PRODUCT_NAME = "$(TARGET_NAME)";
				SWIFT_VERSION = 4.2;
			};
			name = Debug;
		};
		E0C324121D2463D000712168 /* Release */ = {
			isa = XCBuildConfiguration;
			baseConfigurationReference = FA3411A5A628154C440137FA /* Pods-Example.release.xcconfig */;
			buildSettings = {
				ALWAYS_EMBED_SWIFT_STANDARD_LIBRARIES = YES;
				ASSETCATALOG_COMPILER_APPICON_NAME = AppIcon;
				DEVELOPMENT_TEAM = "";
				INFOPLIST_FILE = Example/Info.plist;
				IPHONEOS_DEPLOYMENT_TARGET = 9.0;
				LD_RUNPATH_SEARCH_PATHS = "$(inherited) @executable_path/Frameworks";
				PRODUCT_BUNDLE_IDENTIFIER = com.example.Example;
				PRODUCT_NAME = "$(TARGET_NAME)";
				SWIFT_VERSION = 4.2;
			};
			name = Release;
		};
/* End XCBuildConfiguration section */

/* Begin XCConfigurationList section */
		E0C323F91D2463D000712168 /* Build configuration list for PBXProject "Example" */ = {
			isa = XCConfigurationList;
			buildConfigurations = (
				E0C3240E1D2463D000712168 /* Debug */,
				E0C3240F1D2463D000712168 /* Release */,
			);
			defaultConfigurationIsVisible = 0;
			defaultConfigurationName = Release;
		};
		E0C324101D2463D000712168 /* Build configuration list for PBXNativeTarget "Example" */ = {
			isa = XCConfigurationList;
			buildConfigurations = (
				E0C324111D2463D000712168 /* Debug */,
				E0C324121D2463D000712168 /* Release */,
			);
			defaultConfigurationIsVisible = 0;
			defaultConfigurationName = Release;
		};
/* End XCConfigurationList section */
	};
	rootObject = E0C323F61D2463D000712168 /* Project object */;
}
